
Microsoft Visual Studio Solution File, Format Version 12.00
# Visual Studio Version 17
VisualStudioVersion = 17.1.32328.378
MinimumVisualStudioVersion = 10.0.40219.1
Project("{FAE04EC0-301F-11D3-BF4B-00C04F79EFBC}") = "TestFramework", "TestFramework\TestFramework.csproj", "{6DA00CCE-7B14-411C-A133-63D8C87C1282}"
EndProject
Global
	GlobalSection(SolutionConfigurationPlatforms) = preSolution
		Debug|Any CPU = Debug|Any CPU
		Release|Any CPU = Release|Any CPU
	EndGlobalSection
	GlobalSection(ProjectConfigurationPlatforms) = postSolution
		{6DA00CCE-7B14-411C-A133-63D8C87C1282}.Debug|Any CPU.ActiveCfg = Debug|Any CPU
		{6DA00CCE-7B14-411C-A133-63D8C87C1282}.Debug|Any CPU.Build.0 = Debug|Any CPU
		{6DA00CCE-7B14-411C-A133-63D8C87C1282}.Release|Any CPU.ActiveCfg = Release|Any CPU
		{6DA00CCE-7B14-411C-A133-63D8C87C1282}.Release|Any CPU.Build.0 = Release|Any CPU
	EndGlobalSection
	GlobalSection(SolutionProperties) = preSolution
		HideSolutionNode = FALSE
	EndGlobalSection
	GlobalSection(ExtensibilityGlobals) = postSolution
		SolutionGuid = {8D0A50F7-DB10-4FC7-8B98-5B8F448FE4F0}
	EndGlobalSection
EndGlobal
