
Microsoft Visual Studio Solution File, Format Version 12.00
# Visual Studio Version 17
VisualStudioVersion = 17.1.32328.378
MinimumVisualStudioVersion = 10.0.40219.1
Project("{FAE04EC0-301F-11D3-BF4B-00C04F79EFBC}") = "WebClient", "WebClient\WebClient.csproj", "{452E406A-2831-4DFE-8776-6013CCFE635C}"
EndProject
Global
	GlobalSection(SolutionConfigurationPlatforms) = preSolution
		Debug|Any CPU = Debug|Any CPU
		Release|Any CPU = Release|Any CPU
	EndGlobalSection
	GlobalSection(ProjectConfigurationPlatforms) = postSolution
		{452E406A-2831-4DFE-8776-6013CCFE635C}.Debug|Any CPU.ActiveCfg = Debug|Any CPU
		{452E406A-2831-4DFE-8776-6013CCFE635C}.Debug|Any CPU.Build.0 = Debug|Any CPU
		{452E406A-2831-4DFE-8776-6013CCFE635C}.Release|Any CPU.ActiveCfg = Release|Any CPU
		{452E406A-2831-4DFE-8776-6013CCFE635C}.Release|Any CPU.Build.0 = Release|Any CPU
	EndGlobalSection
	GlobalSection(SolutionProperties) = preSolution
		HideSolutionNode = FALSE
	EndGlobalSection
	GlobalSection(ExtensibilityGlobals) = postSolution
		SolutionGuid = {C877144F-3BC4-4193-B92B-F84FAA5EEC19}
	EndGlobalSection
EndGlobal
