
Microsoft Visual Studio Solution File, Format Version 12.00
# Visual Studio Version 17
VisualStudioVersion = 17.1.32328.378
MinimumVisualStudioVersion = 10.0.40219.1
Project("{FAE04EC0-301F-11D3-BF4B-00C04F79EFBC}") = "SqliteClient", "SqliteClient\SqliteClient.csproj", "{65F28F86-A605-447F-96B3-C50BD7285A4B}"
EndProject
Global
	GlobalSection(SolutionConfigurationPlatforms) = preSolution
		Debug|Any CPU = Debug|Any CPU
		Release|Any CPU = Release|Any CPU
	EndGlobalSection
	GlobalSection(ProjectConfigurationPlatforms) = postSolution
		{65F28F86-A605-447F-96B3-C50BD7285A4B}.Debug|Any CPU.ActiveCfg = Debug|Any CPU
		{65F28F86-A605-447F-96B3-C50BD7285A4B}.Debug|Any CPU.Build.0 = Debug|Any CPU
		{65F28F86-A605-447F-96B3-C50BD7285A4B}.Release|Any CPU.ActiveCfg = Release|Any CPU
		{65F28F86-A605-447F-96B3-C50BD7285A4B}.Release|Any CPU.Build.0 = Release|Any CPU
	EndGlobalSection
	GlobalSection(SolutionProperties) = preSolution
		HideSolutionNode = FALSE
	EndGlobalSection
	GlobalSection(ExtensibilityGlobals) = postSolution
		SolutionGuid = {46F6CBD7-BC27-433A-99EC-791CC29E6064}
	EndGlobalSection
EndGlobal
